
Microsoft Visual Studio Solution File, Format Version 12.00
# Visual Studio Version 17
VisualStudioVersion = 17.7.34221.43
MinimumVisualStudioVersion = 10.0.40219.1
Project("{8BC9CEB8-8B4A-11D0-8D11-00A0C91BC942}") = "Bolsa", "Bolsa\Bolsa.vcxproj", "{4AB559A1-7EE5-4641-8ADF-58A22992E7A2}"
EndProject
Project("{8BC9CEB8-8B4A-11D0-8D11-00A0C91BC942}") = "Board", "Board\Board.vcxproj", "{38E0AD60-A7A5-48DF-8208-54890D4E3979}"
EndProject
Project("{8BC9CEB8-8B4A-11D0-8D11-00A0C91BC942}") = "Cliente", "Cliente\Cliente.vcxproj", "{4673E5BF-2CCE-42F2-AD90-A1EDA741C61C}"
EndProject
Project("{8BC9CEB8-8B4A-11D0-8D11-00A0C91BC942}") = "BoardGUI", "BoardGUI\BoardGUI.vcxproj", "{3AF0233A-E040-4553-AB2D-03E30946B132}"
EndProject
Global
	GlobalSection(SolutionConfigurationPlatforms) = preSolution
		Debug|x64 = Debug|x64
		Debug|x86 = Debug|x86
		Release|x64 = Release|x64
		Release|x86 = Release|x86
	EndGlobalSection
	GlobalSection(ProjectConfigurationPlatforms) = postSolution
		{4AB559A1-7EE5-4641-8ADF-58A22992E7A2}.Debug|x64.ActiveCfg = Debug|x64
		{4AB559A1-7EE5-4641-8ADF-58A22992E7A2}.Debug|x64.Build.0 = Debug|x64
		{4AB559A1-7EE5-4641-8ADF-58A22992E7A2}.Debug|x86.ActiveCfg = Debug|Win32
		{4AB559A1-7EE5-4641-8ADF-58A22992E7A2}.Debug|x86.Build.0 = Debug|Win32
		{4AB559A1-7EE5-4641-8ADF-58A22992E7A2}.Release|x64.ActiveCfg = Release|x64
		{4AB559A1-7EE5-4641-8ADF-58A22992E7A2}.Release|x64.Build.0 = Release|x64
		{4AB559A1-7EE5-4641-8ADF-58A22992E7A2}.Release|x86.ActiveCfg = Release|Win32
		{4AB559A1-7EE5-4641-8ADF-58A22992E7A2}.Release|x86.Build.0 = Release|Win32
		{38E0AD60-A7A5-48DF-8208-54890D4E3979}.Debug|x64.ActiveCfg = Debug|x64
		{38E0AD60-A7A5-48DF-8208-54890D4E3979}.Debug|x64.Build.0 = Debug|x64
		{38E0AD60-A7A5-48DF-8208-54890D4E3979}.Debug|x86.ActiveCfg = Debug|Win32
		{38E0AD60-A7A5-48DF-8208-54890D4E3979}.Debug|x86.Build.0 = Debug|Win32
		{38E0AD60-A7A5-48DF-8208-54890D4E3979}.Release|x64.ActiveCfg = Release|x64
		{38E0AD60-A7A5-48DF-8208-54890D4E3979}.Release|x64.Build.0 = Release|x64
		{38E0AD60-A7A5-48DF-8208-54890D4E3979}.Release|x86.ActiveCfg = Release|Win32
		{38E0AD60-A7A5-48DF-8208-54890D4E3979}.Release|x86.Build.0 = Release|Win32
		{4673E5BF-2CCE-42F2-AD90-A1EDA741C61C}.Debug|x64.ActiveCfg = Debug|x64
		{4673E5BF-2CCE-42F2-AD90-A1EDA741C61C}.Debug|x64.Build.0 = Debug|x64
		{4673E5BF-2CCE-42F2-AD90-A1EDA741C61C}.Debug|x86.ActiveCfg = Debug|Win32
		{4673E5BF-2CCE-42F2-AD90-A1EDA741C61C}.Debug|x86.Build.0 = Debug|Win32
		{4673E5BF-2CCE-42F2-AD90-A1EDA741C61C}.Release|x64.ActiveCfg = Release|x64
		{4673E5BF-2CCE-42F2-AD90-A1EDA741C61C}.Release|x64.Build.0 = Release|x64
		{4673E5BF-2CCE-42F2-AD90-A1EDA741C61C}.Release|x86.ActiveCfg = Release|Win32
		{4673E5BF-2CCE-42F2-AD90-A1EDA741C61C}.Release|x86.Build.0 = Release|Win32
		{3AF0233A-E040-4553-AB2D-03E30946B132}.Debug|x64.ActiveCfg = Debug|x64
		{3AF0233A-E040-4553-AB2D-03E30946B132}.Debug|x64.Build.0 = Debug|x64
		{3AF0233A-E040-4553-AB2D-03E30946B132}.Debug|x86.ActiveCfg = Debug|Win32
		{3AF0233A-E040-4553-AB2D-03E30946B132}.Debug|x86.Build.0 = Debug|Win32
		{3AF0233A-E040-4553-AB2D-03E30946B132}.Release|x64.ActiveCfg = Release|x64
		{3AF0233A-E040-4553-AB2D-03E30946B132}.Release|x64.Build.0 = Release|x64
		{3AF0233A-E040-4553-AB2D-03E30946B132}.Release|x86.ActiveCfg = Release|Win32
		{3AF0233A-E040-4553-AB2D-03E30946B132}.Release|x86.Build.0 = Release|Win32
	EndGlobalSection
	GlobalSection(SolutionProperties) = preSolution
		HideSolutionNode = FALSE
	EndGlobalSection
	GlobalSection(ExtensibilityGlobals) = postSolution
		SolutionGuid = {B0F8BFD1-9455-486F-BE3A-D666088482FA}
	EndGlobalSection
EndGlobal
